// !$*UTF8*$!
{
	archiveVersion = 1;
	classes = {
	};
	objectVersion = 52;
	objects = {

/* Begin PBXBuildFile section */
		12D63F8826C00443008E8EFF /* SwiftCardsApp.swift in Sources */ = {isa = PBXBuildFile; fileRef = 12D63F8726C00443008E8EFF /* SwiftCardsApp.swift */; };
		12D63F8A26C00443008E8EFF /* CardListView.swift in Sources */ = {isa = PBXBuildFile; fileRef = 12D63F8926C00443008E8EFF /* CardListView.swift */; };
		12D63F8C26C00448008E8EFF /* Assets.xcassets in Resources */ = {isa = PBXBuildFile; fileRef = 12D63F8B26C00448008E8EFF /* Assets.xcassets */; };
		12D63F8F26C00448008E8EFF /* Preview Assets.xcassets in Resources */ = {isa = PBXBuildFile; fileRef = 12D63F8E26C00448008E8EFF /* Preview Assets.xcassets */; };
		12D63F9826C00615008E8EFF /* FirebaseFirestore in Frameworks */ = {isa = PBXBuildFile; productRef = 12D63F9726C00615008E8EFF /* FirebaseFirestore */; };
		12D63F9A26C00615008E8EFF /* FirebaseFirestoreSwift-Beta in Frameworks */ = {isa = PBXBuildFile; productRef = 12D63F9926C00615008E8EFF /* FirebaseFirestoreSwift-Beta */; };
		12D63F9C26C00772008E8EFF /* GoogleService-Info.plist in Resources */ = {isa = PBXBuildFile; fileRef = 12D63F9B26C00772008E8EFF /* GoogleService-Info.plist */; };
		12D63FA226C01A14008E8EFF /* CardRepository.swift in Sources */ = {isa = PBXBuildFile; fileRef = 12D63FA126C01A14008E8EFF /* CardRepository.swift */; };
		12D63FA426C01AC2008E8EFF /* SwiftCard.swift in Sources */ = {isa = PBXBuildFile; fileRef = 12D63FA326C01AC2008E8EFF /* SwiftCard.swift */; };
		12D63FA626C01E2F008E8EFF /* CardListViewModel.swift in Sources */ = {isa = PBXBuildFile; fileRef = 12D63FA526C01E2F008E8EFF /* CardListViewModel.swift */; };
		12D63FA826C0236B008E8EFF /* CardView.swift in Sources */ = {isa = PBXBuildFile; fileRef = 12D63FA726C0236B008E8EFF /* CardView.swift */; };
		12D63FAA26C024D6008E8EFF /* CardViewModel.swift in Sources */ = {isa = PBXBuildFile; fileRef = 12D63FA926C024D6008E8EFF /* CardViewModel.swift */; };
		12D63FAC26C04039008E8EFF /* FormView.swift in Sources */ = {isa = PBXBuildFile; fileRef = 12D63FAB26C04039008E8EFF /* FormView.swift */; };
/* End PBXBuildFile section */

/* Begin PBXFileReference section */
		12D63F8426C00442008E8EFF /* SwiftCards.app */ = {isa = PBXFileReference; explicitFileType = wrapper.application; includeInIndex = 0; path = SwiftCards.app; sourceTree = BUILT_PRODUCTS_DIR; };
		12D63F8726C00443008E8EFF /* SwiftCardsApp.swift */ = {isa = PBXFileReference; lastKnownFileType = sourcecode.swift; path = SwiftCardsApp.swift; sourceTree = "<group>"; };
		12D63F8926C00443008E8EFF /* CardListView.swift */ = {isa = PBXFileReference; lastKnownFileType = sourcecode.swift; path = CardListView.swift; sourceTree = "<group>"; };
		12D63F8B26C00448008E8EFF /* Assets.xcassets */ = {isa = PBXFileReference; lastKnownFileType = folder.assetcatalog; path = Assets.xcassets; sourceTree = "<group>"; };
		12D63F8E26C00448008E8EFF /* Preview Assets.xcassets */ = {isa = PBXFileReference; lastKnownFileType = folder.assetcatalog; path = "Preview Assets.xcassets"; sourceTree = "<group>"; };
		12D63F9026C00448008E8EFF /* Info.plist */ = {isa = PBXFileReference; lastKnownFileType = text.plist.xml; path = Info.plist; sourceTree = "<group>"; };
		12D63F9B26C00772008E8EFF /* GoogleService-Info.plist */ = {isa = PBXFileReference; fileEncoding = 4; lastKnownFileType = text.plist.xml; path = "GoogleService-Info.plist"; sourceTree = "<group>"; };
		12D63FA126C01A14008E8EFF /* CardRepository.swift */ = {isa = PBXFileReference; lastKnownFileType = sourcecode.swift; path = CardRepository.swift; sourceTree = "<group>"; };
		12D63FA326C01AC2008E8EFF /* SwiftCard.swift */ = {isa = PBXFileReference; lastKnownFileType = sourcecode.swift; path = SwiftCard.swift; sourceTree = "<group>"; };
		12D63FA526C01E2F008E8EFF /* CardListViewModel.swift */ = {isa = PBXFileReference; lastKnownFileType = sourcecode.swift; path = CardListViewModel.swift; sourceTree = "<group>"; };
		12D63FA726C0236B008E8EFF /* CardView.swift */ = {isa = PBXFileReference; lastKnownFileType = sourcecode.swift; path = CardView.swift; sourceTree = "<group>"; };
		12D63FA926C024D6008E8EFF /* CardViewModel.swift */ = {isa = PBXFileReference; lastKnownFileType = sourcecode.swift; path = CardViewModel.swift; sourceTree = "<group>"; };
		12D63FAB26C04039008E8EFF /* FormView.swift */ = {isa = PBXFileReference; lastKnownFileType = sourcecode.swift; path = FormView.swift; sourceTree = "<group>"; };
/* End PBXFileReference section */

/* Begin PBXFrameworksBuildPhase section */
		12D63F8126C00442008E8EFF /* Frameworks */ = {
			isa = PBXFrameworksBuildPhase;
			buildActionMask = 2147483647;
			files = (
				12D63F9826C00615008E8EFF /* FirebaseFirestore in Frameworks */,
				12D63F9A26C00615008E8EFF /* FirebaseFirestoreSwift-Beta in Frameworks */,
			);
			runOnlyForDeploymentPostprocessing = 0;
		};
/* End PBXFrameworksBuildPhase section */

/* Begin PBXGroup section */
		12D63F7B26C00442008E8EFF = {
			isa = PBXGroup;
			children = (
				12D63F8626C00442008E8EFF /* SwiftCards */,
				12D63F8526C00442008E8EFF /* Products */,
			);
			sourceTree = "<group>";
		};
		12D63F8526C00442008E8EFF /* Products */ = {
			isa = PBXGroup;
			children = (
				12D63F8426C00442008E8EFF /* SwiftCards.app */,
			);
			name = Products;
			sourceTree = "<group>";
		};
		12D63F8626C00442008E8EFF /* SwiftCards */ = {
			isa = PBXGroup;
			children = (
				12D63F8726C00443008E8EFF /* SwiftCardsApp.swift */,
				12D63FA026C019F7008E8EFF /* Repository */,
				12D63F9F26C019DA008E8EFF /* ViewModels */,
				12D63F9E26C019D6008E8EFF /* Models */,
				12D63F9D26C019C9008E8EFF /* Views */,
				12D63F8B26C00448008E8EFF /* Assets.xcassets */,
				12D63F9026C00448008E8EFF /* Info.plist */,
				12D63F9B26C00772008E8EFF /* GoogleService-Info.plist */,
				12D63F8D26C00448008E8EFF /* Preview Content */,
			);
			path = SwiftCards;
			sourceTree = "<group>";
		};
		12D63F8D26C00448008E8EFF /* Preview Content */ = {
			isa = PBXGroup;
			children = (
				12D63F8E26C00448008E8EFF /* Preview Assets.xcassets */,
			);
			path = "Preview Content";
			sourceTree = "<group>";
		};
		12D63F9D26C019C9008E8EFF /* Views */ = {
			isa = PBXGroup;
			children = (
				12D63F8926C00443008E8EFF /* CardListView.swift */,
				12D63FA726C0236B008E8EFF /* CardView.swift */,
				12D63FAB26C04039008E8EFF /* FormView.swift */,
			);
			path = Views;
			sourceTree = "<group>";
		};
		12D63F9E26C019D6008E8EFF /* Models */ = {
			isa = PBXGroup;
			children = (
				12D63FA326C01AC2008E8EFF /* SwiftCard.swift */,
			);
			path = Models;
			sourceTree = "<group>";
		};
		12D63F9F26C019DA008E8EFF /* ViewModels */ = {
			isa = PBXGroup;
			children = (
				12D63FA526C01E2F008E8EFF /* CardListViewModel.swift */,
				12D63FA926C024D6008E8EFF /* CardViewModel.swift */,
			);
			path = ViewModels;
			sourceTree = "<group>";
		};
		12D63FA026C019F7008E8EFF /* Repository */ = {
			isa = PBXGroup;
			children = (
				12D63FA126C01A14008E8EFF /* CardRepository.swift */,
			);
			path = Repository;
			sourceTree = "<group>";
		};
/* End PBXGroup section */

/* Begin PBXNativeTarget section */
		12D63F8326C00442008E8EFF /* SwiftCards */ = {
			isa = PBXNativeTarget;
			buildConfigurationList = 12D63F9326C00448008E8EFF /* Build configuration list for PBXNativeTarget "SwiftCards" */;
			buildPhases = (
				12D63F8026C00442008E8EFF /* Sources */,
				12D63F8126C00442008E8EFF /* Frameworks */,
				12D63F8226C00442008E8EFF /* Resources */,
			);
			buildRules = (
			);
			dependencies = (
			);
			name = SwiftCards;
			packageProductDependencies = (
				12D63F9726C00615008E8EFF /* FirebaseFirestore */,
				12D63F9926C00615008E8EFF /* FirebaseFirestoreSwift-Beta */,
			);
			productName = SwiftCards;
			productReference = 12D63F8426C00442008E8EFF /* SwiftCards.app */;
			productType = "com.apple.product-type.application";
		};
/* End PBXNativeTarget section */

/* Begin PBXProject section */
		12D63F7C26C00442008E8EFF /* Project object */ = {
			isa = PBXProject;
			attributes = {
				LastSwiftUpdateCheck = 1250;
				LastUpgradeCheck = 1250;
				TargetAttributes = {
					12D63F8326C00442008E8EFF = {
						CreatedOnToolsVersion = 12.5;
					};
				};
			};
			buildConfigurationList = 12D63F7F26C00442008E8EFF /* Build configuration list for PBXProject "SwiftCards" */;
			compatibilityVersion = "Xcode 9.3";
			developmentRegion = en;
			hasScannedForEncodings = 0;
			knownRegions = (
				en,
				Base,
			);
			mainGroup = 12D63F7B26C00442008E8EFF;
			packageReferences = (
				12D63F9626C00615008E8EFF /* XCRemoteSwiftPackageReference "firebase-ios-sdk" */,
			);
			productRefGroup = 12D63F8526C00442008E8EFF /* Products */;
			projectDirPath = "";
			projectRoot = "";
			targets = (
				12D63F8326C00442008E8EFF /* SwiftCards */,
			);
		};
/* End PBXProject section */

/* Begin PBXResourcesBuildPhase section */
		12D63F8226C00442008E8EFF /* Resources */ = {
			isa = PBXResourcesBuildPhase;
			buildActionMask = 2147483647;
			files = (
				12D63F8F26C00448008E8EFF /* Preview Assets.xcassets in Resources */,
				12D63F8C26C00448008E8EFF /* Assets.xcassets in Resources */,
				12D63F9C26C00772008E8EFF /* GoogleService-Info.plist in Resources */,
			);
			runOnlyForDeploymentPostprocessing = 0;
		};
/* End PBXResourcesBuildPhase section */

/* Begin PBXSourcesBuildPhase section */
		12D63F8026C00442008E8EFF /* Sources */ = {
			isa = PBXSourcesBuildPhase;
			buildActionMask = 2147483647;
			files = (
				12D63FAC26C04039008E8EFF /* FormView.swift in Sources */,
				12D63FA626C01E2F008E8EFF /* CardListViewModel.swift in Sources */,
				12D63F8A26C00443008E8EFF /* CardListView.swift in Sources */,
				12D63FA426C01AC2008E8EFF /* SwiftCard.swift in Sources */,
				12D63FA226C01A14008E8EFF /* CardRepository.swift in Sources */,
				12D63FA826C0236B008E8EFF /* CardView.swift in Sources */,
				12D63F8826C00443008E8EFF /* SwiftCardsApp.swift in Sources */,
				12D63FAA26C024D6008E8EFF /* CardViewModel.swift in Sources */,
			);
			runOnlyForDeploymentPostprocessing = 0;
		};
/* End PBXSourcesBuildPhase section */

/* Begin XCBuildConfiguration section */
		12D63F9126C00448008E8EFF /* Debug */ = {
			isa = XCBuildConfiguration;
			buildSettings = {
				ALWAYS_SEARCH_USER_PATHS = NO;
				CLANG_ANALYZER_NONNULL = YES;
				CLANG_ANALYZER_NUMBER_OBJECT_CONVERSION = YES_AGGRESSIVE;
				CLANG_CXX_LANGUAGE_STANDARD = "gnu++14";
				CLANG_CXX_LIBRARY = "libc++";
				CLANG_ENABLE_MODULES = YES;
				CLANG_ENABLE_OBJC_ARC = YES;
				CLANG_ENABLE_OBJC_WEAK = YES;
				CLANG_WARN_BLOCK_CAPTURE_AUTORELEASING = YES;
				CLANG_WARN_BOOL_CONVERSION = YES;
				CLANG_WARN_COMMA = YES;
				CLANG_WARN_CONSTANT_CONVERSION = YES;
				CLANG_WARN_DEPRECATED_OBJC_IMPLEMENTATIONS = YES;
				CLANG_WARN_DIRECT_OBJC_ISA_USAGE = YES_ERROR;
				CLANG_WARN_DOCUMENTATION_COMMENTS = YES;
				CLANG_WARN_EMPTY_BODY = YES;
				CLANG_WARN_ENUM_CONVERSION = YES;
				CLANG_WARN_INFINITE_RECURSION = YES;
				CLANG_WARN_INT_CONVERSION = YES;
				CLANG_WARN_NON_LITERAL_NULL_CONVERSION = YES;
				CLANG_WARN_OBJC_IMPLICIT_RETAIN_SELF = YES;
				CLANG_WARN_OBJC_LITERAL_CONVERSION = YES;
				CLANG_WARN_OBJC_ROOT_CLASS = YES_ERROR;
				CLANG_WARN_QUOTED_INCLUDE_IN_FRAMEWORK_HEADER = YES;
				CLANG_WARN_RANGE_LOOP_ANALYSIS = YES;
				CLANG_WARN_STRICT_PROTOTYPES = YES;
				CLANG_WARN_SUSPICIOUS_MOVE = YES;
				CLANG_WARN_UNGUARDED_AVAILABILITY = YES_AGGRESSIVE;
				CLANG_WARN_UNREACHABLE_CODE = YES;
				CLANG_WARN__DUPLICATE_METHOD_MATCH = YES;
				COPY_PHASE_STRIP = NO;
				DEBUG_INFORMATION_FORMAT = dwarf;
				ENABLE_STRICT_OBJC_MSGSEND = YES;
				ENABLE_TESTABILITY = YES;
				GCC_C_LANGUAGE_STANDARD = gnu11;
				GCC_DYNAMIC_NO_PIC = NO;
				GCC_NO_COMMON_BLOCKS = YES;
				GCC_OPTIMIZATION_LEVEL = 0;
				GCC_PREPROCESSOR_DEFINITIONS = (
					"DEBUG=1",
					"$(inherited)",
				);
				GCC_WARN_64_TO_32_BIT_CONVERSION = YES;
				GCC_WARN_ABOUT_RETURN_TYPE = YES_ERROR;
				GCC_WARN_UNDECLARED_SELECTOR = YES;
				GCC_WARN_UNINITIALIZED_AUTOS = YES_AGGRESSIVE;
				GCC_WARN_UNUSED_FUNCTION = YES;
				GCC_WARN_UNUSED_VARIABLE = YES;
				IPHONEOS_DEPLOYMENT_TARGET = 14.5;
				MTL_ENABLE_DEBUG_INFO = INCLUDE_SOURCE;
				MTL_FAST_MATH = YES;
				ONLY_ACTIVE_ARCH = YES;
				SDKROOT = iphoneos;
				SWIFT_ACTIVE_COMPILATION_CONDITIONS = DEBUG;
				SWIFT_OPTIMIZATION_LEVEL = "-Onone";
			};
			name = Debug;
		};
		12D63F9226C00448008E8EFF /* Release */ = {
			isa = XCBuildConfiguration;
			buildSettings = {
				ALWAYS_SEARCH_USER_PATHS = NO;
				CLANG_ANALYZER_NONNULL = YES;
				CLANG_ANALYZER_NUMBER_OBJECT_CONVERSION = YES_AGGRESSIVE;
				CLANG_CXX_LANGUAGE_STANDARD = "gnu++14";
				CLANG_CXX_LIBRARY = "libc++";
				CLANG_ENABLE_MODULES = YES;
				CLANG_ENABLE_OBJC_ARC = YES;
				CLANG_ENABLE_OBJC_WEAK = YES;
				CLANG_WARN_BLOCK_CAPTURE_AUTORELEASING = YES;
				CLANG_WARN_BOOL_CONVERSION = YES;
				CLANG_WARN_COMMA = YES;
				CLANG_WARN_CONSTANT_CONVERSION = YES;
				CLANG_WARN_DEPRECATED_OBJC_IMPLEMENTATIONS = YES;
				CLANG_WARN_DIRECT_OBJC_ISA_USAGE = YES_ERROR;
				CLANG_WARN_DOCUMENTATION_COMMENTS = YES;
				CLANG_WARN_EMPTY_BODY = YES;
				CLANG_WARN_ENUM_CONVERSION = YES;
				CLANG_WARN_INFINITE_RECURSION = YES;
				CLANG_WARN_INT_CONVERSION = YES;
				CLANG_WARN_NON_LITERAL_NULL_CONVERSION = YES;
				CLANG_WARN_OBJC_IMPLICIT_RETAIN_SELF = YES;
				CLANG_WARN_OBJC_LITERAL_CONVERSION = YES;
				CLANG_WARN_OBJC_ROOT_CLASS = YES_ERROR;
				CLANG_WARN_QUOTED_INCLUDE_IN_FRAMEWORK_HEADER = YES;
				CLANG_WARN_RANGE_LOOP_ANALYSIS = YES;
				CLANG_WARN_STRICT_PROTOTYPES = YES;
				CLANG_WARN_SUSPICIOUS_MOVE = YES;
				CLANG_WARN_UNGUARDED_AVAILABILITY = YES_AGGRESSIVE;
				CLANG_WARN_UNREACHABLE_CODE = YES;
				CLANG_WARN__DUPLICATE_METHOD_MATCH = YES;
				COPY_PHASE_STRIP = NO;
				DEBUG_INFORMATION_FORMAT = "dwarf-with-dsym";
				ENABLE_NS_ASSERTIONS = NO;
				ENABLE_STRICT_OBJC_MSGSEND = YES;
				GCC_C_LANGUAGE_STANDARD = gnu11;
				GCC_NO_COMMON_BLOCKS = YES;
				GCC_WARN_64_TO_32_BIT_CONVERSION = YES;
				GCC_WARN_ABOUT_RETURN_TYPE = YES_ERROR;
				GCC_WARN_UNDECLARED_SELECTOR = YES;
				GCC_WARN_UNINITIALIZED_AUTOS = YES_AGGRESSIVE;
				GCC_WARN_UNUSED_FUNCTION = YES;
				GCC_WARN_UNUSED_VARIABLE = YES;
				IPHONEOS_DEPLOYMENT_TARGET = 14.5;
				MTL_ENABLE_DEBUG_INFO = NO;
				MTL_FAST_MATH = YES;
				SDKROOT = iphoneos;
				SWIFT_COMPILATION_MODE = wholemodule;
				SWIFT_OPTIMIZATION_LEVEL = "-O";
				VALIDATE_PRODUCT = YES;
			};
			name = Release;
		};
		12D63F9426C00448008E8EFF /* Debug */ = {
			isa = XCBuildConfiguration;
			buildSettings = {
				ASSETCATALOG_COMPILER_APPICON_NAME = AppIcon;
				ASSETCATALOG_COMPILER_GLOBAL_ACCENT_COLOR_NAME = AccentColor;
				CODE_SIGN_STYLE = Automatic;
				DEVELOPMENT_ASSET_PATHS = "\"SwiftCards/Preview Content\"";
				DEVELOPMENT_TEAM = 8FT674V95S;
				ENABLE_PREVIEWS = YES;
				INFOPLIST_FILE = SwiftCards/Info.plist;
				IPHONEOS_DEPLOYMENT_TARGET = 14.0;
				LD_RUNPATH_SEARCH_PATHS = (
					"$(inherited)",
					"@executable_path/Frameworks",
				);
				PRODUCT_BUNDLE_IDENTIFIER = che.tech.SwiftCards;
				PRODUCT_NAME = "$(TARGET_NAME)";
				SWIFT_VERSION = 5.0;
				TARGETED_DEVICE_FAMILY = 1;
			};
			name = Debug;
		};
		12D63F9526C00448008E8EFF /* Release */ = {
			isa = XCBuildConfiguration;
			buildSettings = {
				ASSETCATALOG_COMPILER_APPICON_NAME = AppIcon;
				ASSETCATALOG_COMPILER_GLOBAL_ACCENT_COLOR_NAME = AccentColor;
				CODE_SIGN_STYLE = Automatic;
				DEVELOPMENT_ASSET_PATHS = "\"SwiftCards/Preview Content\"";
				DEVELOPMENT_TEAM = 8FT674V95S;
				ENABLE_PREVIEWS = YES;
				INFOPLIST_FILE = SwiftCards/Info.plist;
				IPHONEOS_DEPLOYMENT_TARGET = 14.0;
				LD_RUNPATH_SEARCH_PATHS = (
					"$(inherited)",
					"@executable_path/Frameworks",
				);
				PRODUCT_BUNDLE_IDENTIFIER = che.tech.SwiftCards;
				PRODUCT_NAME = "$(TARGET_NAME)";
				SWIFT_VERSION = 5.0;
				TARGETED_DEVICE_FAMILY = 1;
			};
			name = Release;
		};
/* End XCBuildConfiguration section */

/* Begin XCConfigurationList section */
		12D63F7F26C00442008E8EFF /* Build configuration list for PBXProject "SwiftCards" */ = {
			isa = XCConfigurationList;
			buildConfigurations = (
				12D63F9126C00448008E8EFF /* Debug */,
				12D63F9226C00448008E8EFF /* Release */,
			);
			defaultConfigurationIsVisible = 0;
			defaultConfigurationName = Release;
		};
		12D63F9326C00448008E8EFF /* Build configuration list for PBXNativeTarget "SwiftCards" */ = {
			isa = XCConfigurationList;
			buildConfigurations = (
				12D63F9426C00448008E8EFF /* Debug */,
				12D63F9526C00448008E8EFF /* Release */,
			);
			defaultConfigurationIsVisible = 0;
			defaultConfigurationName = Release;
		};
/* End XCConfigurationList section */

/* Begin XCRemoteSwiftPackageReference section */
		12D63F9626C00615008E8EFF /* XCRemoteSwiftPackageReference "firebase-ios-sdk" */ = {
			isa = XCRemoteSwiftPackageReference;
			repositoryURL = "https://github.com/firebase/firebase-ios-sdk";
			requirement = {
				kind = upToNextMajorVersion;
				minimumVersion = 8.5.0;
			};
		};
/* End XCRemoteSwiftPackageReference section */

/* Begin XCSwiftPackageProductDependency section */
		12D63F9726C00615008E8EFF /* FirebaseFirestore */ = {
			isa = XCSwiftPackageProductDependency;
			package = 12D63F9626C00615008E8EFF /* XCRemoteSwiftPackageReference "firebase-ios-sdk" */;
			productName = FirebaseFirestore;
		};
		12D63F9926C00615008E8EFF /* FirebaseFirestoreSwift-Beta */ = {
			isa = XCSwiftPackageProductDependency;
			package = 12D63F9626C00615008E8EFF /* XCRemoteSwiftPackageReference "firebase-ios-sdk" */;
			productName = "FirebaseFirestoreSwift-Beta";
		};
/* End XCSwiftPackageProductDependency section */
	};
	rootObject = 12D63F7C26C00442008E8EFF /* Project object */;
}
